
Microsoft Visual Studio Solution File, Format Version 12.00
# Visual Studio Version 17
VisualStudioVersion = 17.13.35825.156 d17.13
MinimumVisualStudioVersion = 10.0.40219.1
Project("{FAE04EC0-301F-11D3-BF4B-00C04F79EFBC}") = "Q#!", "Q#!\Q#!.csproj", "{6DFBDAFF-6825-46AC-8C6E-63279E55AA15}"
EndProject
Project("{FAE04EC0-301F-11D3-BF4B-00C04F79EFBC}") = "Q2", "Q2\Q2.csproj", "{055F59C1-59DC-4E4A-81A0-41864A553E9B}"
EndProject
Global
	GlobalSection(SolutionConfigurationPlatforms) = preSolution
		Debug|Any CPU = Debug|Any CPU
		Release|Any CPU = Release|Any CPU
	EndGlobalSection
	GlobalSection(ProjectConfigurationPlatforms) = postSolution
		{6DFBDAFF-6825-46AC-8C6E-63279E55AA15}.Debug|Any CPU.ActiveCfg = Debug|Any CPU
		{6DFBDAFF-6825-46AC-8C6E-63279E55AA15}.Debug|Any CPU.Build.0 = Debug|Any CPU
		{6DFBDAFF-6825-46AC-8C6E-63279E55AA15}.Release|Any CPU.ActiveCfg = Release|Any CPU
		{6DFBDAFF-6825-46AC-8C6E-63279E55AA15}.Release|Any CPU.Build.0 = Release|Any CPU
		{055F59C1-59DC-4E4A-81A0-41864A553E9B}.Debug|Any CPU.ActiveCfg = Debug|Any CPU
		{055F59C1-59DC-4E4A-81A0-41864A553E9B}.Debug|Any CPU.Build.0 = Debug|Any CPU
		{055F59C1-59DC-4E4A-81A0-41864A553E9B}.Release|Any CPU.ActiveCfg = Release|Any CPU
		{055F59C1-59DC-4E4A-81A0-41864A553E9B}.Release|Any CPU.Build.0 = Release|Any CPU
	EndGlobalSection
	GlobalSection(SolutionProperties) = preSolution
		HideSolutionNode = FALSE
	EndGlobalSection
	GlobalSection(ExtensibilityGlobals) = postSolution
		SolutionGuid = {716F9FDD-AA2A-4E47-99B0-92E9473CB9FE}
	EndGlobalSection
EndGlobal
